
Microsoft Visual Studio Solution File, Format Version 12.00
# Visual Studio Version 17
VisualStudioVersion = 17.2.32630.192
MinimumVisualStudioVersion = 10.0.40219.1
Project("{9A19103F-16F7-4668-BE54-9A1E7A4F7556}") = "Chat Client", "Chat Client\Chat Client.csproj", "{DD80066A-C452-4A88-9342-9DE8C76C2041}"
EndProject
Project("{9A19103F-16F7-4668-BE54-9A1E7A4F7556}") = "WPF Client Library", "WPF Client Library\WPF Client Library.csproj", "{B6FA7263-B4C6-44A4-82F3-93E5C8B4C261}"
EndProject
Project("{9A19103F-16F7-4668-BE54-9A1E7A4F7556}") = "Models", "Models\Models.csproj", "{BA64F763-5D74-4233-BEAE-46638DA1525B}"
EndProject
Project("{9A19103F-16F7-4668-BE54-9A1E7A4F7556}") = "Chat Host", "Chat Host\Chat Host.csproj", "{DDC753D6-C114-4A99-A72F-687A638FA145}"
EndProject
Global
	GlobalSection(SolutionConfigurationPlatforms) = preSolution
		Debug|Any CPU = Debug|Any CPU
		Release|Any CPU = Release|Any CPU
	EndGlobalSection
	GlobalSection(ProjectConfigurationPlatforms) = postSolution
		{DD80066A-C452-4A88-9342-9DE8C76C2041}.Debug|Any CPU.ActiveCfg = Debug|Any CPU
		{DD80066A-C452-4A88-9342-9DE8C76C2041}.Debug|Any CPU.Build.0 = Debug|Any CPU
		{DD80066A-C452-4A88-9342-9DE8C76C2041}.Release|Any CPU.ActiveCfg = Release|Any CPU
		{DD80066A-C452-4A88-9342-9DE8C76C2041}.Release|Any CPU.Build.0 = Release|Any CPU
		{B6FA7263-B4C6-44A4-82F3-93E5C8B4C261}.Debug|Any CPU.ActiveCfg = Debug|Any CPU
		{B6FA7263-B4C6-44A4-82F3-93E5C8B4C261}.Debug|Any CPU.Build.0 = Debug|Any CPU
		{B6FA7263-B4C6-44A4-82F3-93E5C8B4C261}.Release|Any CPU.ActiveCfg = Release|Any CPU
		{B6FA7263-B4C6-44A4-82F3-93E5C8B4C261}.Release|Any CPU.Build.0 = Release|Any CPU
		{BA64F763-5D74-4233-BEAE-46638DA1525B}.Debug|Any CPU.ActiveCfg = Debug|Any CPU
		{BA64F763-5D74-4233-BEAE-46638DA1525B}.Debug|Any CPU.Build.0 = Debug|Any CPU
		{BA64F763-5D74-4233-BEAE-46638DA1525B}.Release|Any CPU.ActiveCfg = Release|Any CPU
		{BA64F763-5D74-4233-BEAE-46638DA1525B}.Release|Any CPU.Build.0 = Release|Any CPU
		{DDC753D6-C114-4A99-A72F-687A638FA145}.Debug|Any CPU.ActiveCfg = Debug|Any CPU
		{DDC753D6-C114-4A99-A72F-687A638FA145}.Debug|Any CPU.Build.0 = Debug|Any CPU
		{DDC753D6-C114-4A99-A72F-687A638FA145}.Release|Any CPU.ActiveCfg = Release|Any CPU
		{DDC753D6-C114-4A99-A72F-687A638FA145}.Release|Any CPU.Build.0 = Release|Any CPU
	EndGlobalSection
	GlobalSection(SolutionProperties) = preSolution
		HideSolutionNode = FALSE
	EndGlobalSection
	GlobalSection(ExtensibilityGlobals) = postSolution
		SolutionGuid = {64DC6BF0-1F47-4B42-920F-5525049CA50F}
	EndGlobalSection
EndGlobal
